
Microsoft Visual Studio Solution File, Format Version 12.00
# Visual Studio Version 16
VisualStudioVersion = 16.0.30803.129
MinimumVisualStudioVersion = 10.0.40219.1
Project("{9A19103F-16F7-4668-BE54-9A1E7A4F7556}") = "Tasks1", "Tasks1\Tasks1.csproj", "{915920BE-EB14-4FFA-96A4-8307489F935D}"
EndProject
Project("{9A19103F-16F7-4668-BE54-9A1E7A4F7556}") = "Task2_1", "Task2_1\Task2_1.csproj", "{322FFCB1-5F1F-4692-A89D-1D6945474B53}"
EndProject
Project("{9A19103F-16F7-4668-BE54-9A1E7A4F7556}") = "Task2_2", "Task2_2\Task2_2.csproj", "{A044D85F-CD1A-4BF0-9506-5C53993ECC45}"
EndProject
Project("{9A19103F-16F7-4668-BE54-9A1E7A4F7556}") = "Task2_3", "Task2_3\Task2_3.csproj", "{DF066EA9-C341-4B06-9410-9FBA24D0CAE1}"
EndProject
Project("{9A19103F-16F7-4668-BE54-9A1E7A4F7556}") = "Task2_4", "Task2_4\Task2_4.csproj", "{EF0FD9D3-A2C9-4F39-9762-460B45FD9A1F}"
EndProject
Project("{9A19103F-16F7-4668-BE54-9A1E7A4F7556}") = "Task3_1", "Task3_1\Task3_1.csproj", "{BEC638EA-D95A-4BE3-9387-46F731A92B94}"
EndProject
Project("{9A19103F-16F7-4668-BE54-9A1E7A4F7556}") = "Task3_2", "Task3_2\Task3_2.csproj", "{330A39C5-B488-4911-A82E-EDB1A1132606}"
EndProject
Project("{9A19103F-16F7-4668-BE54-9A1E7A4F7556}") = "Task3_3", "Task3_3\Task3_3.csproj", "{3835E7A7-5DC4-4948-9664-2F8CE2984BE6}"
EndProject
Project("{9A19103F-16F7-4668-BE54-9A1E7A4F7556}") = "Task3_4", "Task3_4\Task3_4.csproj", "{B754A15F-440A-42C7-8DEE-1140506141BD}"
EndProject
Project("{FAE04EC0-301F-11D3-BF4B-00C04F79EFBC}") = "Task4_1", "Task4_1\Task4_1.csproj", "{7B5AA45F-B4BD-4CF9-A73B-E4616B6287F4}"
EndProject
Project("{FAE04EC0-301F-11D3-BF4B-00C04F79EFBC}") = "Task4_2", "Task4_2\Task4_2.csproj", "{97B8AEAF-08AB-487D-A23F-829014349C85}"
EndProject
Project("{FAE04EC0-301F-11D3-BF4B-00C04F79EFBC}") = "Task4_3", "Task4_3\Task4_3.csproj", "{83D2E117-12ED-4CBD-AE82-493455696633}"
EndProject
Project("{FAE04EC0-301F-11D3-BF4B-00C04F79EFBC}") = "Task4_4", "Task4_4\Task4_4.csproj", "{7427716B-B7D6-4E05-B79B-D5D58E7E5164}"
EndProject
Global
	GlobalSection(SolutionConfigurationPlatforms) = preSolution
		Debug|Any CPU = Debug|Any CPU
		Release|Any CPU = Release|Any CPU
	EndGlobalSection
	GlobalSection(ProjectConfigurationPlatforms) = postSolution
		{915920BE-EB14-4FFA-96A4-8307489F935D}.Debug|Any CPU.ActiveCfg = Debug|Any CPU
		{915920BE-EB14-4FFA-96A4-8307489F935D}.Debug|Any CPU.Build.0 = Debug|Any CPU
		{915920BE-EB14-4FFA-96A4-8307489F935D}.Release|Any CPU.ActiveCfg = Release|Any CPU
		{915920BE-EB14-4FFA-96A4-8307489F935D}.Release|Any CPU.Build.0 = Release|Any CPU
		{322FFCB1-5F1F-4692-A89D-1D6945474B53}.Debug|Any CPU.ActiveCfg = Debug|Any CPU
		{322FFCB1-5F1F-4692-A89D-1D6945474B53}.Debug|Any CPU.Build.0 = Debug|Any CPU
		{322FFCB1-5F1F-4692-A89D-1D6945474B53}.Release|Any CPU.ActiveCfg = Release|Any CPU
		{322FFCB1-5F1F-4692-A89D-1D6945474B53}.Release|Any CPU.Build.0 = Release|Any CPU
		{A044D85F-CD1A-4BF0-9506-5C53993ECC45}.Debug|Any CPU.ActiveCfg = Debug|Any CPU
		{A044D85F-CD1A-4BF0-9506-5C53993ECC45}.Debug|Any CPU.Build.0 = Debug|Any CPU
		{A044D85F-CD1A-4BF0-9506-5C53993ECC45}.Release|Any CPU.ActiveCfg = Release|Any CPU
		{A044D85F-CD1A-4BF0-9506-5C53993ECC45}.Release|Any CPU.Build.0 = Release|Any CPU
		{DF066EA9-C341-4B06-9410-9FBA24D0CAE1}.Debug|Any CPU.ActiveCfg = Debug|Any CPU
		{DF066EA9-C341-4B06-9410-9FBA24D0CAE1}.Debug|Any CPU.Build.0 = Debug|Any CPU
		{DF066EA9-C341-4B06-9410-9FBA24D0CAE1}.Release|Any CPU.ActiveCfg = Release|Any CPU
		{DF066EA9-C341-4B06-9410-9FBA24D0CAE1}.Release|Any CPU.Build.0 = Release|Any CPU
		{EF0FD9D3-A2C9-4F39-9762-460B45FD9A1F}.Debug|Any CPU.ActiveCfg = Debug|Any CPU
		{EF0FD9D3-A2C9-4F39-9762-460B45FD9A1F}.Debug|Any CPU.Build.0 = Debug|Any CPU
		{EF0FD9D3-A2C9-4F39-9762-460B45FD9A1F}.Release|Any CPU.ActiveCfg = Release|Any CPU
		{EF0FD9D3-A2C9-4F39-9762-460B45FD9A1F}.Release|Any CPU.Build.0 = Release|Any CPU
		{BEC638EA-D95A-4BE3-9387-46F731A92B94}.Debug|Any CPU.ActiveCfg = Debug|Any CPU
		{BEC638EA-D95A-4BE3-9387-46F731A92B94}.Debug|Any CPU.Build.0 = Debug|Any CPU
		{BEC638EA-D95A-4BE3-9387-46F731A92B94}.Release|Any CPU.ActiveCfg = Release|Any CPU
		{BEC638EA-D95A-4BE3-9387-46F731A92B94}.Release|Any CPU.Build.0 = Release|Any CPU
		{330A39C5-B488-4911-A82E-EDB1A1132606}.Debug|Any CPU.ActiveCfg = Debug|Any CPU
		{330A39C5-B488-4911-A82E-EDB1A1132606}.Debug|Any CPU.Build.0 = Debug|Any CPU
		{330A39C5-B488-4911-A82E-EDB1A1132606}.Release|Any CPU.ActiveCfg = Release|Any CPU
		{330A39C5-B488-4911-A82E-EDB1A1132606}.Release|Any CPU.Build.0 = Release|Any CPU
		{3835E7A7-5DC4-4948-9664-2F8CE2984BE6}.Debug|Any CPU.ActiveCfg = Debug|Any CPU
		{3835E7A7-5DC4-4948-9664-2F8CE2984BE6}.Debug|Any CPU.Build.0 = Debug|Any CPU
		{3835E7A7-5DC4-4948-9664-2F8CE2984BE6}.Release|Any CPU.ActiveCfg = Release|Any CPU
		{3835E7A7-5DC4-4948-9664-2F8CE2984BE6}.Release|Any CPU.Build.0 = Release|Any CPU
		{B754A15F-440A-42C7-8DEE-1140506141BD}.Debug|Any CPU.ActiveCfg = Debug|Any CPU
		{B754A15F-440A-42C7-8DEE-1140506141BD}.Debug|Any CPU.Build.0 = Debug|Any CPU
		{B754A15F-440A-42C7-8DEE-1140506141BD}.Release|Any CPU.ActiveCfg = Release|Any CPU
		{B754A15F-440A-42C7-8DEE-1140506141BD}.Release|Any CPU.Build.0 = Release|Any CPU
		{7B5AA45F-B4BD-4CF9-A73B-E4616B6287F4}.Debug|Any CPU.ActiveCfg = Debug|Any CPU
		{7B5AA45F-B4BD-4CF9-A73B-E4616B6287F4}.Debug|Any CPU.Build.0 = Debug|Any CPU
		{7B5AA45F-B4BD-4CF9-A73B-E4616B6287F4}.Release|Any CPU.ActiveCfg = Release|Any CPU
		{7B5AA45F-B4BD-4CF9-A73B-E4616B6287F4}.Release|Any CPU.Build.0 = Release|Any CPU
		{97B8AEAF-08AB-487D-A23F-829014349C85}.Debug|Any CPU.ActiveCfg = Debug|Any CPU
		{97B8AEAF-08AB-487D-A23F-829014349C85}.Debug|Any CPU.Build.0 = Debug|Any CPU
		{97B8AEAF-08AB-487D-A23F-829014349C85}.Release|Any CPU.ActiveCfg = Release|Any CPU
		{97B8AEAF-08AB-487D-A23F-829014349C85}.Release|Any CPU.Build.0 = Release|Any CPU
		{83D2E117-12ED-4CBD-AE82-493455696633}.Debug|Any CPU.ActiveCfg = Debug|Any CPU
		{83D2E117-12ED-4CBD-AE82-493455696633}.Debug|Any CPU.Build.0 = Debug|Any CPU
		{83D2E117-12ED-4CBD-AE82-493455696633}.Release|Any CPU.ActiveCfg = Release|Any CPU
		{83D2E117-12ED-4CBD-AE82-493455696633}.Release|Any CPU.Build.0 = Release|Any CPU
		{7427716B-B7D6-4E05-B79B-D5D58E7E5164}.Debug|Any CPU.ActiveCfg = Debug|Any CPU
		{7427716B-B7D6-4E05-B79B-D5D58E7E5164}.Debug|Any CPU.Build.0 = Debug|Any CPU
		{7427716B-B7D6-4E05-B79B-D5D58E7E5164}.Release|Any CPU.ActiveCfg = Release|Any CPU
		{7427716B-B7D6-4E05-B79B-D5D58E7E5164}.Release|Any CPU.Build.0 = Release|Any CPU
	EndGlobalSection
	GlobalSection(SolutionProperties) = preSolution
		HideSolutionNode = FALSE
	EndGlobalSection
	GlobalSection(ExtensibilityGlobals) = postSolution
		SolutionGuid = {3ECC7410-49BE-41D9-88FC-BBA55395168B}
	EndGlobalSection
EndGlobal
