
Microsoft Visual Studio Solution File, Format Version 12.00
# Visual Studio Version 16
VisualStudioVersion = 16.0.30803.129
MinimumVisualStudioVersion = 10.0.40219.1
Project("{FAE04EC0-301F-11D3-BF4B-00C04F79EFBC}") = "Tasks1", "Tasks1\Tasks1.csproj", "{915920BE-EB14-4FFA-96A4-8307489F935D}"
EndProject
Global
	GlobalSection(SolutionConfigurationPlatforms) = preSolution
		Debug|Any CPU = Debug|Any CPU
		Release|Any CPU = Release|Any CPU
	EndGlobalSection
	GlobalSection(ProjectConfigurationPlatforms) = postSolution
		{915920BE-EB14-4FFA-96A4-8307489F935D}.Debug|Any CPU.ActiveCfg = Debug|Any CPU
		{915920BE-EB14-4FFA-96A4-8307489F935D}.Debug|Any CPU.Build.0 = Debug|Any CPU
		{915920BE-EB14-4FFA-96A4-8307489F935D}.Release|Any CPU.ActiveCfg = Release|Any CPU
		{915920BE-EB14-4FFA-96A4-8307489F935D}.Release|Any CPU.Build.0 = Release|Any CPU
	EndGlobalSection
	GlobalSection(SolutionProperties) = preSolution
		HideSolutionNode = FALSE
	EndGlobalSection
	GlobalSection(ExtensibilityGlobals) = postSolution
		SolutionGuid = {3ECC7410-49BE-41D9-88FC-BBA55395168B}
	EndGlobalSection
EndGlobal
